
Microsoft Visual Studio Solution File, Format Version 12.00
# Visual Studio Version 17
VisualStudioVersion = 17.10.34928.147
MinimumVisualStudioVersion = 10.0.40219.1
Project("{FAE04EC0-301F-11D3-BF4B-00C04F79EFBC}") = "Noob's Fixes", "Noob's Fixes.csproj", "{B3002DAA-D2F9-4A16-84ED-A05E2E5FAB99}"
EndProject
Global
	GlobalSection(SolutionConfigurationPlatforms) = preSolution
		Debug|Any CPU = Debug|Any CPU
		Release|Any CPU = Release|Any CPU
	EndGlobalSection
	GlobalSection(ProjectConfigurationPlatforms) = postSolution
		{B3002DAA-D2F9-4A16-84ED-A05E2E5FAB99}.Debug|Any CPU.ActiveCfg = Debug|Any CPU
		{B3002DAA-D2F9-4A16-84ED-A05E2E5FAB99}.Debug|Any CPU.Build.0 = Debug|Any CPU
		{B3002DAA-D2F9-4A16-84ED-A05E2E5FAB99}.Release|Any CPU.ActiveCfg = Release|Any CPU
		{B3002DAA-D2F9-4A16-84ED-A05E2E5FAB99}.Release|Any CPU.Build.0 = Release|Any CPU
	EndGlobalSection
	GlobalSection(SolutionProperties) = preSolution
		HideSolutionNode = FALSE
	EndGlobalSection
	GlobalSection(ExtensibilityGlobals) = postSolution
		SolutionGuid = {D6A3BB7F-B8CC-4E01-8C77-884C4007F666}
	EndGlobalSection
EndGlobal
